
Microsoft Visual Studio Solution File, Format Version 12.00
# Visual Studio Version 17
VisualStudioVersion = 17.11.35327.3
MinimumVisualStudioVersion = 10.0.40219.1
Project("{FAE04EC0-301F-11D3-BF4B-00C04F79EFBC}") = "Assignment_2_1_3", "Assignment_2_1_3.csproj", "{98559F74-933E-4017-B3DA-36CB03649388}"
EndProject
Global
	GlobalSection(SolutionConfigurationPlatforms) = preSolution
		Debug|Any CPU = Debug|Any CPU
		Release|Any CPU = Release|Any CPU
	EndGlobalSection
	GlobalSection(ProjectConfigurationPlatforms) = postSolution
		{98559F74-933E-4017-B3DA-36CB03649388}.Debug|Any CPU.ActiveCfg = Debug|Any CPU
		{98559F74-933E-4017-B3DA-36CB03649388}.Debug|Any CPU.Build.0 = Debug|Any CPU
		{98559F74-933E-4017-B3DA-36CB03649388}.Release|Any CPU.ActiveCfg = Release|Any CPU
		{98559F74-933E-4017-B3DA-36CB03649388}.Release|Any CPU.Build.0 = Release|Any CPU
	EndGlobalSection
	GlobalSection(SolutionProperties) = preSolution
		HideSolutionNode = FALSE
	EndGlobalSection
	GlobalSection(ExtensibilityGlobals) = postSolution
		SolutionGuid = {CFEDFE2E-F957-4CDB-BECC-BA9FDB37BFF5}
	EndGlobalSection
EndGlobal
